PODS:
  - XestiMonitors (2.6.0):
    - XestiMonitors/Core (= 2.6.0)
  - XestiMonitors/Core (2.6.0)

DEPENDENCIES:
  - XestiMonitors (from `../../`)

EXTERNAL SOURCES:
  XestiMonitors:
    :path: ../../

SPEC CHECKSUMS:
  XestiMonitors: 3b0b1c2adab800bc18a73b04da57d925e8b3b241

PODFILE CHECKSUM: af967f85b3de0f1060583f21837d6381de340343

COCOAPODS: 1.4.0
