PODS:
  - XestiMonitors (2.6.0):
    - XestiMonitors/Core (= 2.6.0)
  - XestiMonitors/Core (2.6.0)

DEPENDENCIES:
  - XestiMonitors (from `../../`)

EXTERNAL SOURCES:
  XestiMonitors:
    :path: ../../

SPEC CHECKSUMS:
  XestiMonitors: 3b0b1c2adab800bc18a73b04da57d925e8b3b241

PODFILE CHECKSUM: 1126d3f650bae5d09bc018cdd9097411c8d68f2e

COCOAPODS: 1.4.0
