PODS:
  - XestiMonitors (2.6.0):
    - XestiMonitors/Core (= 2.6.0)
  - XestiMonitors/Core (2.6.0)

DEPENDENCIES:
  - XestiMonitors (from `../../`)

EXTERNAL SOURCES:
  XestiMonitors:
    :path: ../../

SPEC CHECKSUMS:
  XestiMonitors: e58209d2f81cc6185c32f02f9c1cf85c20da8d04

PODFILE CHECKSUM: 1126d3f650bae5d09bc018cdd9097411c8d68f2e

COCOAPODS: 1.4.0
